
Microsoft Visual Studio Solution File, Format Version 12.00
# Visual Studio Version 17
VisualStudioVersion = 17.0.31903.59
MinimumVisualStudioVersion = 10.0.40219.1
Project("{9A19103F-16F7-4668-BE54-9A1E7A4F7556}") = "UsbIpServer", "UsbIpServer\UsbIpServer.csproj", "{5CE75792-6F4F-4B16-83E6-29052C6E0D8D}"
EndProject
Project("{2150E333-8FDC-42A3-9474-1A3956D46DE8}") = "Solution Items", "Solution Items", "{4DF1A44E-CAFC-4543-AB76-76239FBEDF03}"
	ProjectSection(SolutionItems) = preProject
		.editorconfig = .editorconfig
		.gitattributes = .gitattributes
		.gitignore = .gitignore
		CODE_OF_CONDUCT.md = CODE_OF_CONDUCT.md
		codecov.yml = codecov.yml
		COPYING.md = COPYING.md
		Directory.Build.props = Directory.Build.props
		Directory.Packages.props = Directory.Packages.props
		GitVersion.yml = GitVersion.yml
		global.json = global.json
		NetStandard.props = NetStandard.props
		nuget.config = nuget.config
		README.md = README.md
		SECURITY.md = SECURITY.md
	EndProjectSection
EndProject
Project("{930C7802-8A8C-48F9-8165-68863BCCD9DD}") = "Installer", "Installer\Installer.wixproj", "{080EF94C-A8EC-4975-A697-BBF8C1A56055}"
	ProjectSection(ProjectDependencies) = postProject
		{00B55725-8FBA-40C0-A691-312935717AF3} = {00B55725-8FBA-40C0-A691-312935717AF3}
		{5CE75792-6F4F-4B16-83E6-29052C6E0D8D} = {5CE75792-6F4F-4B16-83E6-29052C6E0D8D}
		{3C3ED2C8-54D0-48D4-8BF4-78220D4A9E20} = {3C3ED2C8-54D0-48D4-8BF4-78220D4A9E20}
	EndProjectSection
EndProject
Project("{9A19103F-16F7-4668-BE54-9A1E7A4F7556}") = "InstallerDependencies", "InstallerDependencies\InstallerDependencies.csproj", "{00B55725-8FBA-40C0-A691-312935717AF3}"
EndProject
Project("{9A19103F-16F7-4668-BE54-9A1E7A4F7556}") = "UnitTests", "UnitTests\UnitTests.csproj", "{03DA15B4-7F40-4EF3-814B-9050C7A671B5}"
EndProject
Project("{9A19103F-16F7-4668-BE54-9A1E7A4F7556}") = "Usbipd.PowerShell", "Usbipd.PowerShell\Usbipd.PowerShell.csproj", "{3C3ED2C8-54D0-48D4-8BF4-78220D4A9E20}"
EndProject
Project("{9A19103F-16F7-4668-BE54-9A1E7A4F7556}") = "Usbipd.Automation", "Usbipd.Automation\Usbipd.Automation.csproj", "{934A2FBC-4EEB-4CE7-88A4-E3336E89DAEB}"
EndProject
Global
	GlobalSection(SolutionConfigurationPlatforms) = preSolution
		Debug|x64 = Debug|x64
		Release|x64 = Release|x64
	EndGlobalSection
	GlobalSection(ProjectConfigurationPlatforms) = postSolution
		{5CE75792-6F4F-4B16-83E6-29052C6E0D8D}.Debug|x64.ActiveCfg = Debug|x64
		{5CE75792-6F4F-4B16-83E6-29052C6E0D8D}.Debug|x64.Build.0 = Debug|x64
		{5CE75792-6F4F-4B16-83E6-29052C6E0D8D}.Release|x64.ActiveCfg = Release|x64
		{5CE75792-6F4F-4B16-83E6-29052C6E0D8D}.Release|x64.Build.0 = Release|x64
		{080EF94C-A8EC-4975-A697-BBF8C1A56055}.Debug|x64.ActiveCfg = Debug|x64
		{080EF94C-A8EC-4975-A697-BBF8C1A56055}.Release|x64.ActiveCfg = Release|x64
		{00B55725-8FBA-40C0-A691-312935717AF3}.Debug|x64.ActiveCfg = Debug|x64
		{00B55725-8FBA-40C0-A691-312935717AF3}.Debug|x64.Build.0 = Debug|x64
		{00B55725-8FBA-40C0-A691-312935717AF3}.Release|x64.ActiveCfg = Release|x64
		{00B55725-8FBA-40C0-A691-312935717AF3}.Release|x64.Build.0 = Release|x64
		{03DA15B4-7F40-4EF3-814B-9050C7A671B5}.Debug|x64.ActiveCfg = Debug|x64
		{03DA15B4-7F40-4EF3-814B-9050C7A671B5}.Debug|x64.Build.0 = Debug|x64
		{03DA15B4-7F40-4EF3-814B-9050C7A671B5}.Release|x64.ActiveCfg = Release|x64
		{03DA15B4-7F40-4EF3-814B-9050C7A671B5}.Release|x64.Build.0 = Release|x64
		{3C3ED2C8-54D0-48D4-8BF4-78220D4A9E20}.Debug|x64.ActiveCfg = Debug|Any CPU
		{3C3ED2C8-54D0-48D4-8BF4-78220D4A9E20}.Debug|x64.Build.0 = Debug|Any CPU
		{3C3ED2C8-54D0-48D4-8BF4-78220D4A9E20}.Release|x64.ActiveCfg = Release|Any CPU
		{3C3ED2C8-54D0-48D4-8BF4-78220D4A9E20}.Release|x64.Build.0 = Release|Any CPU
		{934A2FBC-4EEB-4CE7-88A4-E3336E89DAEB}.Debug|x64.ActiveCfg = Debug|Any CPU
		{934A2FBC-4EEB-4CE7-88A4-E3336E89DAEB}.Debug|x64.Build.0 = Debug|Any CPU
		{934A2FBC-4EEB-4CE7-88A4-E3336E89DAEB}.Release|x64.ActiveCfg = Release|Any CPU
		{934A2FBC-4EEB-4CE7-88A4-E3336E89DAEB}.Release|x64.Build.0 = Release|Any CPU
	EndGlobalSection
	GlobalSection(SolutionProperties) = preSolution
		HideSolutionNode = FALSE
	EndGlobalSection
	GlobalSection(ExtensibilityGlobals) = postSolution
		SolutionGuid = {0D2D1309-98F9-48DF-B509-05241A67A160}
	EndGlobalSection
EndGlobal
