{
  "version": 2,
  "dependencies": {
    ".NETStandard,Version=v2.0": {
      "Dorssel.GitVersion.MsBuild": {
        "type": "Direct",
        "requested": "[1.1.0, )",
        "resolved": "1.1.0",
        "contentHash": "oabDrUuI3t6viTgMJPb6M6fYYHZBFkHG5QPNPJvIQayKi2LhEgIEeiyfyUKr1RQrr1imDEI4z8VOgEUndfzVnw=="
      },
      "NETStandard.Library": {
        "type": "Direct",
        "requested": "[2.0.3, )",
        "resolved": "2.0.3",
        "contentHash": "st47PosZSHrjECdjeIzZQbzivYBJFv6P2nv4cj2ypdI204DO+vZ7l5raGMiX4eXMJ53RfOIg+/s4DHVZ54Nu2A==",
        "dependencies": {
          "Microsoft.NETCore.Platforms": "1.1.0"
        }
      },
      "Microsoft.NETCore.Platforms": {
        "type": "Transitive",
        "resolved": "1.1.0",
        "contentHash": "kz0PEW2lhqygehI/d6XsPCQzD7ff7gUJaVGPVETX611eadGsA3A877GdSlU0LRVMCTH/+P3o2iDTak+S08V2+A=="
      }
    },
    "net9.0-windows10.0.17763": {
      "Dorssel.GitVersion.MsBuild": {
        "type": "Direct",
        "requested": "[1.1.0, )",
        "resolved": "1.1.0",
        "contentHash": "oabDrUuI3t6viTgMJPb6M6fYYHZBFkHG5QPNPJvIQayKi2LhEgIEeiyfyUKr1RQrr1imDEI4z8VOgEUndfzVnw=="
      },
      "Microsoft.NET.ILLink.Tasks": {
        "type": "Direct",
        "requested": "[9.0.1, )",
        "resolved": "9.0.1",
        "contentHash": "BKFAkdhUUJivAoKuSWcT23WH9E+AWQMJootzt9X+lnesOD2a2yNIe1ZQFtxB8H3ayskLBD5gYyIbj5GIfw7rZg=="
      }
    }
  }
}