{
  "version": 2,
  "dependencies": {
    "net9.0-windows10.0.17763": {
      "Dorssel.GitVersion.MsBuild": {
        "type": "Direct",
        "requested": "[1.1.1, )",
        "resolved": "1.1.1",
        "contentHash": "b3j6DfBrXvmzj1ke7L1Svf09BNpBz9/R8Qk2K/zXarwjBdAN0yADKu3l+azVG8SHrwi95RO3E18fBYuedcrD7Q=="
      },
      "Microsoft.DotNet.ILCompiler": {
        "type": "Direct",
        "requested": "[9.0.9, )",
        "resolved": "9.0.9",
        "contentHash": "jbi92xl2xcwGfdD/XSgOtOtQM5Ra3uXsiFuEyLnqwpHXeWHAutabi/LDu9VQbcuCqmvwOhrA3iFcvTIuFFQ0AQ=="
      },
      "Microsoft.Extensions.Hosting.WindowsServices": {
        "type": "Direct",
        "requested": "[9.0.9, )",
        "resolved": "9.0.9",
        "contentHash": "6fbeJXazroQ7mc/bNT5P66dxhNsXbDfcIFM3xJprYJLdy1M9uXSdhJZsFl4QiDsjsH8yn2sjV3dLCx8SrdUrmg==",
        "dependencies": {
          "Microsoft.Extensions.Hosting": "9.0.9",
          "Microsoft.Extensions.Logging.EventLog": "9.0.9",
          "System.ServiceProcess.ServiceController": "9.0.9"
        }
      },
      "Microsoft.NET.ILLink.Tasks": {
        "type": "Direct",
        "requested": "[9.0.9, )",
        "resolved": "9.0.9",
        "contentHash": "cHi1os/s6aobEgNkbOh/jW+ru//rHuedvj4PmTh2mMY7et/mJjqphBeXeKCesDvMd0+E2JyX9EPZZC4VRKslXg=="
      },
      "Microsoft.Windows.CsWin32": {
        "type": "Direct",
        "requested": "[0.3.205, )",
        "resolved": "0.3.205",
        "contentHash": "U5wGAnyKd7/I2YMd43nogm81VMtjiKzZ9dsLMVI4eAB7jtv5IEj0gprj0q/F3iRmAIaGv5omOf8iSYx2+nE6BQ==",
        "dependencies": {
          "Microsoft.Windows.SDK.Win32Docs": "0.1.42-alpha",
          "Microsoft.Windows.SDK.Win32Metadata": "61.0.15-preview",
          "Microsoft.Windows.WDK.Win32Metadata": "0.12.8-experimental"
        }
      },
      "System.CommandLine": {
        "type": "Direct",
        "requested": "[2.0.0-rc.1.25451.107, )",
        "resolved": "2.0.0-rc.1.25451.107",
        "contentHash": "j+0Yg2TZ5rwbGTRArdF9w993dGWCPRbD+lg3S0D6MLckrKQ3J70s52TlbxKlISsoXUP/X+e6uPocbkKjP3wSag=="
      },
      "Microsoft.Extensions.Configuration": {
        "type": "Transitive",
        "resolved": "9.0.9",
        "contentHash": "w87wF/90/VI0ZQBhf4rbMEeyEy0vi2WKjFmACsNAKNaorY+ZlVz7ddyXkbADvaWouMKffNmR0yQOGcrvSSvKGg==",
        "dependencies": {
          "Microsoft.Extensions.Configuration.Abstractions": "9.0.9",
          "Microsoft.Extensions.Primitives": "9.0.9"
        }
      },
      "Microsoft.Extensions.Configuration.Abstractions": {
        "type": "Transitive",
        "resolved": "9.0.9",
        "contentHash": "p5RKAY9POvs3axwA/AQRuJeM8AHuE8h4qbP1NxQeGm0ep46aXz1oCLAp/oOYxX1GsjStgdhHrN3XXLLXr0+b3w==",
        "dependencies": {
          "Microsoft.Extensions.Primitives": "9.0.9"
        }
      },
      "Microsoft.Extensions.Configuration.Binder": {
        "type": "Transitive",
        "resolved": "9.0.9",
        "contentHash": "6SIp/6Bngk4jm2W36JekZbiIbFPdE/eMUtrJEqIqHGpd1zar3jvgnwxnpWQfzUiGrkyY8q8s6V82zkkEZozghA==",
        "dependencies": {
          "Microsoft.Extensions.Configuration.Abstractions": "9.0.9"
        }
      },
      "Microsoft.Extensions.Configuration.CommandLine": {
        "type": "Transitive",
        "resolved": "9.0.9",
        "contentHash": "9bzGOcHoTi8ijrj0MHh5qUY6n9CuittZUqEOj5iE0ZJoSCfG0BI9nhcpd8MC9bOOgjZW5OeizKO8rgta9lSVyA==",
        "dependencies": {
          "Microsoft.Extensions.Configuration": "9.0.9",
          "Microsoft.Extensions.Configuration.Abstractions": "9.0.9"
        }
      },
      "Microsoft.Extensions.Configuration.EnvironmentVariables": {
        "type": "Transitive",
        "resolved": "9.0.9",
        "contentHash": "AB8suTh4STAMGDkPer5vL0YNp09eplvbkIbOfFJ1z8D1zOiFF8Hipk9FhCLU4Ea6TosWmGrK30ZIUO9KvAeFcg==",
        "dependencies": {
          "Microsoft.Extensions.Configuration": "9.0.9",
          "Microsoft.Extensions.Configuration.Abstractions": "9.0.9"
        }
      },
      "Microsoft.Extensions.Configuration.FileExtensions": {
        "type": "Transitive",
        "resolved": "9.0.9",
        "contentHash": "fvgubCs++wTowHWuQ5TAyZV0S6ldA59U+tBVqFr4/WLd0oEf6ESbdBN2CFaVdn4sZqnarqMnl2O3++RG/Jrf/w==",
        "dependencies": {
          "Microsoft.Extensions.Configuration": "9.0.9",
          "Microsoft.Extensions.Configuration.Abstractions": "9.0.9",
          "Microsoft.Extensions.FileProviders.Abstractions": "9.0.9",
          "Microsoft.Extensions.FileProviders.Physical": "9.0.9",
          "Microsoft.Extensions.Primitives": "9.0.9"
        }
      },
      "Microsoft.Extensions.Configuration.Json": {
        "type": "Transitive",
        "resolved": "9.0.9",
        "contentHash": "PiPYo1GTinR2ECM80zYdZUIFmde6jj5DryXUcOJg3yIjh+KQMQr42e+COD03QUsUiqNkJk511wVTnVpTm2AVZA==",
        "dependencies": {
          "Microsoft.Extensions.Configuration": "9.0.9",
          "Microsoft.Extensions.Configuration.Abstractions": "9.0.9",
          "Microsoft.Extensions.Configuration.FileExtensions": "9.0.9",
          "Microsoft.Extensions.FileProviders.Abstractions": "9.0.9"
        }
      },
      "Microsoft.Extensions.Configuration.UserSecrets": {
        "type": "Transitive",
        "resolved": "9.0.9",
        "contentHash": "bFaNxfU8gQJX3K/Dd6XT0YIJ5ZVihdAY6Z02p2nVTUHjUsaWflLIucZOgB/ecSNnN3zbbBEf1oFC7q5NHTZIHw==",
        "dependencies": {
          "Microsoft.Extensions.Configuration.Abstractions": "9.0.9",
          "Microsoft.Extensions.Configuration.Json": "9.0.9",
          "Microsoft.Extensions.FileProviders.Abstractions": "9.0.9",
          "Microsoft.Extensions.FileProviders.Physical": "9.0.9"
        }
      },
      "Microsoft.Extensions.DependencyInjection": {
        "type": "Transitive",
        "resolved": "9.0.9",
        "contentHash": "zQV2WOSP+3z1EuK91ULxfGgo2Y75bTRnmJHp08+w/YXAyekZutX/qCd88/HOMNh35MDW9mJJJxPpMPS+1Rww8A==",
        "dependencies": {
          "Microsoft.Extensions.DependencyInjection.Abstractions": "9.0.9"
        }
      },
      "Microsoft.Extensions.DependencyInjection.Abstractions": {
        "type": "Transitive",
        "resolved": "9.0.9",
        "contentHash": "/hymojfWbE9AlDOa0mczR44m00Jj+T3+HZO0ZnVTI032fVycI0ZbNOVFP6kqZMcXiLSYXzR2ilcwaRi6dzeGyA=="
      },
      "Microsoft.Extensions.Diagnostics": {
        "type": "Transitive",
        "resolved": "9.0.9",
        "contentHash": "gtzl9SD6CvFYOb92qEF41Z9rICzYniM342TWbbJwN3eLS6a5fCLFvO1pQGtpMSnP3h1zHXupMEeKSA9musWYCQ==",
        "dependencies": {
          "Microsoft.Extensions.Configuration": "9.0.9",
          "Microsoft.Extensions.Diagnostics.Abstractions": "9.0.9",
          "Microsoft.Extensions.Options.ConfigurationExtensions": "9.0.9"
        }
      },
      "Microsoft.Extensions.Diagnostics.Abstractions": {
        "type": "Transitive",
        "resolved": "9.0.9",
        "contentHash": "YHGmxccrVZ2Ar3eI+/NdbOHkd1/HzrHvmQ5yBsp0Gl7jTyBe6qcXNYjUt9v9JIO+Z14la44+YYEe63JSqs1fYg==",
        "dependencies": {
          "Microsoft.Extensions.DependencyInjection.Abstractions": "9.0.9",
          "Microsoft.Extensions.Options": "9.0.9"
        }
      },
      "Microsoft.Extensions.FileProviders.Abstractions": {
        "type": "Transitive",
        "resolved": "9.0.9",
        "contentHash": "M1ZhL9QkBQ/k6l/Wjgcli5zrV86HzytQ+gQiNtk9vs9Ge1fb17KKZil9T6jd15p2x/BGfXpup7Hg55CC0kkfig==",
        "dependencies": {
          "Microsoft.Extensions.Primitives": "9.0.9"
        }
      },
      "Microsoft.Extensions.FileProviders.Physical": {
        "type": "Transitive",
        "resolved": "9.0.9",
        "contentHash": "sRrPtEwbK23OCFOQ36Xn6ofiB0/nl54/BOdR7lJ/Vwg3XlyvUdmyXvFUS1EU5ltn+sQtbcPuy1l0hsysO8++SQ==",
        "dependencies": {
          "Microsoft.Extensions.FileProviders.Abstractions": "9.0.9",
          "Microsoft.Extensions.FileSystemGlobbing": "9.0.9",
          "Microsoft.Extensions.Primitives": "9.0.9"
        }
      },
      "Microsoft.Extensions.FileSystemGlobbing": {
        "type": "Transitive",
        "resolved": "9.0.9",
        "contentHash": "iQAgORaVIlkhcpxFnVEfjqNWfQCwBEEH7x2IanTwGafA6Tb4xiBoDWySTxUo3MV2NUV/PmwS/8OhT/elPnJCnw=="
      },
      "Microsoft.Extensions.Hosting": {
        "type": "Transitive",
        "resolved": "9.0.9",
        "contentHash": "DmRsWH3g8yZGho/pLQ79hxhM2ctE1eDTZ/HbAnrD/uw8m+P2pRRJOoBVxlrhbhMP3/y3oAJoy0yITasfmilbTg==",
        "dependencies": {
          "Microsoft.Extensions.Configuration": "9.0.9",
          "Microsoft.Extensions.Configuration.Abstractions": "9.0.9",
          "Microsoft.Extensions.Configuration.Binder": "9.0.9",
          "Microsoft.Extensions.Configuration.CommandLine": "9.0.9",
          "Microsoft.Extensions.Configuration.EnvironmentVariables": "9.0.9",
          "Microsoft.Extensions.Configuration.FileExtensions": "9.0.9",
          "Microsoft.Extensions.Configuration.Json": "9.0.9",
          "Microsoft.Extensions.Configuration.UserSecrets": "9.0.9",
          "Microsoft.Extensions.DependencyInjection": "9.0.9",
          "Microsoft.Extensions.DependencyInjection.Abstractions": "9.0.9",
          "Microsoft.Extensions.Diagnostics": "9.0.9",
          "Microsoft.Extensions.FileProviders.Abstractions": "9.0.9",
          "Microsoft.Extensions.FileProviders.Physical": "9.0.9",
          "Microsoft.Extensions.Hosting.Abstractions": "9.0.9",
          "Microsoft.Extensions.Logging": "9.0.9",
          "Microsoft.Extensions.Logging.Abstractions": "9.0.9",
          "Microsoft.Extensions.Logging.Configuration": "9.0.9",
          "Microsoft.Extensions.Logging.Console": "9.0.9",
          "Microsoft.Extensions.Logging.Debug": "9.0.9",
          "Microsoft.Extensions.Logging.EventLog": "9.0.9",
          "Microsoft.Extensions.Logging.EventSource": "9.0.9",
          "Microsoft.Extensions.Options": "9.0.9"
        }
      },
      "Microsoft.Extensions.Hosting.Abstractions": {
        "type": "Transitive",
        "resolved": "9.0.9",
        "contentHash": "ORA4dICNz7cuwupPkjXpSuoiK6GMg0aygInBIQCCFEimwoHntRKdJqB59faxq2HHJuTPW3NsZm5EjN5P5Zh6nQ==",
        "dependencies": {
          "Microsoft.Extensions.Configuration.Abstractions": "9.0.9",
          "Microsoft.Extensions.DependencyInjection.Abstractions": "9.0.9",
          "Microsoft.Extensions.Diagnostics.Abstractions": "9.0.9",
          "Microsoft.Extensions.FileProviders.Abstractions": "9.0.9",
          "Microsoft.Extensions.Logging.Abstractions": "9.0.9"
        }
      },
      "Microsoft.Extensions.Logging": {
        "type": "Transitive",
        "resolved": "9.0.9",
        "contentHash": "MaCB0Y9hNDs4YLu3HCJbo199WnJT8xSgajG1JYGANz9FkseQ5f3v/llu3HxLI6mjDlu7pa7ps9BLPWjKzsAAzQ==",
        "dependencies": {
          "Microsoft.Extensions.DependencyInjection": "9.0.9",
          "Microsoft.Extensions.Logging.Abstractions": "9.0.9",
          "Microsoft.Extensions.Options": "9.0.9"
        }
      },
      "Microsoft.Extensions.Logging.Abstractions": {
        "type": "Transitive",
        "resolved": "9.0.9",
        "contentHash": "FEgpSF+Z9StMvrsSViaybOBwR0f0ZZxDm8xV5cSOFiXN/t+ys+rwAlTd/6yG7Ld1gfppgvLcMasZry3GsI9lGA==",
        "dependencies": {
          "Microsoft.Extensions.DependencyInjection.Abstractions": "9.0.9"
        }
      },
      "Microsoft.Extensions.Logging.Configuration": {
        "type": "Transitive",
        "resolved": "9.0.9",
        "contentHash": "Abuo+S0Sg+Ke6vzSh5Ell+lwJJM+CEIqg1ImtWnnqF6a/ibJkQnmFJi4/ekEw/0uAcdFKJXtGV7w6cFN0nyXeg==",
        "dependencies": {
          "Microsoft.Extensions.Configuration": "9.0.9",
          "Microsoft.Extensions.Configuration.Abstractions": "9.0.9",
          "Microsoft.Extensions.Configuration.Binder": "9.0.9",
          "Microsoft.Extensions.DependencyInjection.Abstractions": "9.0.9",
          "Microsoft.Extensions.Logging": "9.0.9",
          "Microsoft.Extensions.Logging.Abstractions": "9.0.9",
          "Microsoft.Extensions.Options": "9.0.9",
          "Microsoft.Extensions.Options.ConfigurationExtensions": "9.0.9"
        }
      },
      "Microsoft.Extensions.Logging.Console": {
        "type": "Transitive",
        "resolved": "9.0.9",
        "contentHash": "x3+W7IfW9Tg3sV+sU9N1039M4CqklaAecwhz9qNtjOCBdmg7h96JaL+NAvhYgZgweVJTJaxAvuO8I+ZZehE7Pg==",
        "dependencies": {
          "Microsoft.Extensions.DependencyInjection.Abstractions": "9.0.9",
          "Microsoft.Extensions.Logging": "9.0.9",
          "Microsoft.Extensions.Logging.Abstractions": "9.0.9",
          "Microsoft.Extensions.Logging.Configuration": "9.0.9",
          "Microsoft.Extensions.Options": "9.0.9"
        }
      },
      "Microsoft.Extensions.Logging.Debug": {
        "type": "Transitive",
        "resolved": "9.0.9",
        "contentHash": "q8IbjIzTjfaGfuf9LAuG3X9BytAWj2hWhLU61rEkit847oaSSbcdx/yybY3yL9RgVG1u9ctk7kbCv18M+7Fi6Q==",
        "dependencies": {
          "Microsoft.Extensions.DependencyInjection.Abstractions": "9.0.9",
          "Microsoft.Extensions.Logging": "9.0.9",
          "Microsoft.Extensions.Logging.Abstractions": "9.0.9"
        }
      },
      "Microsoft.Extensions.Logging.EventLog": {
        "type": "Transitive",
        "resolved": "9.0.9",
        "contentHash": "1SX5+mv16SBb5NrtLNxIvUt8PHbdvDloZazQdxz1CNM39jG7yeF6olH3sceQ4ONF0oVD5mVUsTag0iVX4xgyog==",
        "dependencies": {
          "Microsoft.Extensions.DependencyInjection.Abstractions": "9.0.9",
          "Microsoft.Extensions.Logging": "9.0.9",
          "Microsoft.Extensions.Logging.Abstractions": "9.0.9",
          "Microsoft.Extensions.Options": "9.0.9",
          "System.Diagnostics.EventLog": "9.0.9"
        }
      },
      "Microsoft.Extensions.Logging.EventSource": {
        "type": "Transitive",
        "resolved": "9.0.9",
        "contentHash": "rGQi5mImot7tTFxj1tQWknWjOBHX1+gsX1WLmQNl5WHr4Sx1kXUBGDuRUjfx4c8pe/hcYHdalAmgk7RdusW6Jw==",
        "dependencies": {
          "Microsoft.Extensions.DependencyInjection.Abstractions": "9.0.9",
          "Microsoft.Extensions.Logging": "9.0.9",
          "Microsoft.Extensions.Logging.Abstractions": "9.0.9",
          "Microsoft.Extensions.Options": "9.0.9",
          "Microsoft.Extensions.Primitives": "9.0.9"
        }
      },
      "Microsoft.Extensions.Options": {
        "type": "Transitive",
        "resolved": "9.0.9",
        "contentHash": "loxGGHE1FC2AefwPHzrjPq7X92LQm64qnU/whKfo6oWaceewPUVYQJBJs3S3E2qlWwnCpeZ+dGCPTX+5dgVAuQ==",
        "dependencies": {
          "Microsoft.Extensions.DependencyInjection.Abstractions": "9.0.9",
          "Microsoft.Extensions.Primitives": "9.0.9"
        }
      },
      "Microsoft.Extensions.Options.ConfigurationExtensions": {
        "type": "Transitive",
        "resolved": "9.0.9",
        "contentHash": "n4DCdnn2qs6V5U06Sx62FySEAZsJiJJgOzrPHDh9hPK7c2W8hEabC76F3Re3tGPjpiKa02RvB6FxZyxo8iICzg==",
        "dependencies": {
          "Microsoft.Extensions.Configuration.Abstractions": "9.0.9",
          "Microsoft.Extensions.Configuration.Binder": "9.0.9",
          "Microsoft.Extensions.DependencyInjection.Abstractions": "9.0.9",
          "Microsoft.Extensions.Options": "9.0.9",
          "Microsoft.Extensions.Primitives": "9.0.9"
        }
      },
      "Microsoft.Extensions.Primitives": {
        "type": "Transitive",
        "resolved": "9.0.9",
        "contentHash": "z4pyMePOrl733ltTowbN565PxBw1oAr8IHmIXNDiDqd22nFpYltX9KhrNC/qBWAG1/Zx5MHX+cOYhWJQYCO/iw=="
      },
      "Microsoft.Windows.SDK.Win32Docs": {
        "type": "Transitive",
        "resolved": "0.1.42-alpha",
        "contentHash": "Z/9po23gUA9aoukirh2ItMU2ZS9++Js9Gdds9fu5yuMojDrmArvY2y+tq9985tR3cxFxpZO1O35Wjfo0khj5HA=="
      },
      "Microsoft.Windows.SDK.Win32Metadata": {
        "type": "Transitive",
        "resolved": "61.0.15-preview",
        "contentHash": "cysex3dazKtCPALCluC2XX3f5Aedy9H2pw5jb+TW5uas2rkem1Z7FRnbUrg2vKx0pk0Qz+4EJNr37HdYTEcvEQ=="
      },
      "Microsoft.Windows.WDK.Win32Metadata": {
        "type": "Transitive",
        "resolved": "0.12.8-experimental",
        "contentHash": "3n8R44/Z96Ly+ty4eYVJfESqbzvpw96lRLs3zOzyDmr1x1Kw7FNn5CyE416q+bZQV3e1HRuMUvyegMeRE/WedA==",
        "dependencies": {
          "Microsoft.Windows.SDK.Win32Metadata": "61.0.15-preview"
        }
      },
      "System.Diagnostics.EventLog": {
        "type": "Transitive",
        "resolved": "9.0.9",
        "contentHash": "wpsUfnyv8E5K4WQaok6weewvAbQhcLwXFcHBm5U0gdEaBs85N//ssuYvRPFWwz2rO/9/DFP3A1sGMzUFBj8y3w=="
      },
      "System.ServiceProcess.ServiceController": {
        "type": "Transitive",
        "resolved": "9.0.9",
        "contentHash": "G+7s4ED3AQRCnIdMRo4KceochK1RxyP+LGS49DbHJ0M2uVPG+Loo5lXOyG6mxabV7kthE6A88OKZ4vdFLz/rfg==",
        "dependencies": {
          "System.Diagnostics.EventLog": "9.0.9"
        }
      }
    },
    "net9.0-windows10.0.17763/win-arm64": {
      "Microsoft.DotNet.ILCompiler": {
        "type": "Direct",
        "requested": "[9.0.9, )",
        "resolved": "9.0.9",
        "contentHash": "jbi92xl2xcwGfdD/XSgOtOtQM5Ra3uXsiFuEyLnqwpHXeWHAutabi/LDu9VQbcuCqmvwOhrA3iFcvTIuFFQ0AQ==",
        "dependencies": {
          "runtime.win-arm64.Microsoft.DotNet.ILCompiler": "9.0.9"
        }
      },
      "runtime.win-arm64.Microsoft.DotNet.ILCompiler": {
        "type": "Transitive",
        "resolved": "9.0.9",
        "contentHash": "ZC0MN2s+Yk60u4aTXxPP+F6eWBZBnjPXMot2HPpgewLWJUp4QgeB89hyQuwtnp6TotcNFF/qwEDEd+WIDLeCcw=="
      },
      "System.Diagnostics.EventLog": {
        "type": "Transitive",
        "resolved": "9.0.9",
        "contentHash": "wpsUfnyv8E5K4WQaok6weewvAbQhcLwXFcHBm5U0gdEaBs85N//ssuYvRPFWwz2rO/9/DFP3A1sGMzUFBj8y3w=="
      },
      "System.ServiceProcess.ServiceController": {
        "type": "Transitive",
        "resolved": "9.0.9",
        "contentHash": "G+7s4ED3AQRCnIdMRo4KceochK1RxyP+LGS49DbHJ0M2uVPG+Loo5lXOyG6mxabV7kthE6A88OKZ4vdFLz/rfg==",
        "dependencies": {
          "System.Diagnostics.EventLog": "9.0.9"
        }
      }
    },
    "net9.0-windows10.0.17763/win-x64": {
      "Microsoft.DotNet.ILCompiler": {
        "type": "Direct",
        "requested": "[9.0.9, )",
        "resolved": "9.0.9",
        "contentHash": "jbi92xl2xcwGfdD/XSgOtOtQM5Ra3uXsiFuEyLnqwpHXeWHAutabi/LDu9VQbcuCqmvwOhrA3iFcvTIuFFQ0AQ==",
        "dependencies": {
          "runtime.win-x64.Microsoft.DotNet.ILCompiler": "9.0.9"
        }
      },
      "runtime.win-x64.Microsoft.DotNet.ILCompiler": {
        "type": "Transitive",
        "resolved": "9.0.9",
        "contentHash": "pNUVVZBgAw6mG4VQzHxzZmGyKMBD+VLi3kSPCvm8OoOtlIzRnh5bt36wfa5s0iHzFCp3v+ySAyH02Ns9RmNXNA=="
      },
      "System.Diagnostics.EventLog": {
        "type": "Transitive",
        "resolved": "9.0.9",
        "contentHash": "wpsUfnyv8E5K4WQaok6weewvAbQhcLwXFcHBm5U0gdEaBs85N//ssuYvRPFWwz2rO/9/DFP3A1sGMzUFBj8y3w=="
      },
      "System.ServiceProcess.ServiceController": {
        "type": "Transitive",
        "resolved": "9.0.9",
        "contentHash": "G+7s4ED3AQRCnIdMRo4KceochK1RxyP+LGS49DbHJ0M2uVPG+Loo5lXOyG6mxabV7kthE6A88OKZ4vdFLz/rfg==",
        "dependencies": {
          "System.Diagnostics.EventLog": "9.0.9"
        }
      }
    }
  }
}