{
  "version": 2,
  "dependencies": {
    "native,Version=v0.0": {
      "GitVersion.MsBuild": {
        "type": "Direct",
        "requested": "[6.0.2, )",
        "resolved": "6.0.2",
        "contentHash": "rGj4pT8bBEb92ajJR0eFvY5apVy/U4GdsQ89vLBv0zFGJ8ddEv3Fq27mN8oI+xmCIdx6PlPs+JNFA22FCR5VjA=="
      },
      "WixToolset.Firewall.wixext": {
        "type": "Direct",
        "requested": "[5.0.2, )",
        "resolved": "5.0.2",
        "contentHash": "4/tpAMqPxVKfXu7CLrCCnonw0Me4eCI4nmShqvMpSYfcupdskZSJcu1ZeNKH8NKDBi5sKUUwN3s1U4nyzI1RtA=="
      },
      "WixToolset.UI.wixext": {
        "type": "Direct",
        "requested": "[5.0.2, )",
        "resolved": "5.0.2",
        "contentHash": "BP2IonPN5/0csF1esRb1A834aknY+wO421hXOP+Ix730YxQvSXgk6kV9uFnVHlrVMXxunXpuqEf2qqOQuvWoQw=="
      },
      "WixToolset.Util.wixext": {
        "type": "Direct",
        "requested": "[5.0.2, )",
        "resolved": "5.0.2",
        "contentHash": "sr3GNWr9bTcuALh58lvzLQrwWTuwcQTHkHXhPwFHNrg3GlUrY9arm3fRLWGo3RN739NhUrFEB8dguVsO/gVb9Q=="
      }
    },
    "native,Version=v0.0/win-x64": {}
  }
}