{
  "version": 2,
  "dependencies": {
    "native,Version=v0.0": {
      "Dorssel.GitVersion.MsBuild": {
        "type": "Direct",
        "requested": "[2.0.0, )",
        "resolved": "2.0.0",
        "contentHash": "6ZyY8dsPDDxpRP4P0ic6CGPTRBxZLwo7eDFmeCr8UaSgX23eaEoSd0/uSgCh7kmK+vDY94OMbuD9kYAA4RoxLA=="
      },
      "GitVersion.MsBuild": {
        "type": "Direct",
        "requested": "[6.5.1, )",
        "resolved": "6.5.1",
        "contentHash": "92zAmfGWVtjHM8eR7O+1WWxqP+gulXvVqu3Sb1+KzuImdmxBt/bln/dMRvsIyV69KEiSrtbUoet4HBjG+bOLyw=="
      },
      "WixToolset.Firewall.wixext": {
        "type": "Direct",
        "requested": "[6.0.2, )",
        "resolved": "6.0.2",
        "contentHash": "teqswWqGN1B/YyrggFrECCGR9UAH/ERcxwg4088tNOpd/8I2SM5TNx8py97WOHtRzYu2wnFz/CytwPTY0e5nAA=="
      },
      "WixToolset.UI.wixext": {
        "type": "Direct",
        "requested": "[6.0.2, )",
        "resolved": "6.0.2",
        "contentHash": "1Hq+Kp4WTb9TLRLRpv/iGod6MnNadz1ZrmY1USS6SL/WVxFuiBvQVGGLXrcdQld9J7oVWCZ8k9eMFtaYJOJ5AQ=="
      },
      "WixToolset.Util.wixext": {
        "type": "Direct",
        "requested": "[6.0.2, )",
        "resolved": "6.0.2",
        "contentHash": "plP64ub/0KjNbtLeaeiibVCPkKfr439WTKZmTwVSoQ4fznLHBZLsE0+wcyk6dA5cQuQsD5hlmnVGTKgPioiusQ=="
      }
    },
    "native,Version=v0.0/win-arm64": {},
    "native,Version=v0.0/win-x64": {}
  }
}